
Microsoft Visual Studio Solution File, Format Version 12.00
# Visual Studio 2012
Project("{FAE04EC0-301F-11D3-BF4B-00C04F79EFBC}") = "ProfileStatus", "ProfileStatus\ProfileStatus.csproj", "{AB3E0031-BD27-4E33-8FE2-2684BFC522CC}"
EndProject
Global
	GlobalSection(SolutionConfigurationPlatforms) = preSolution
		Debug|Any CPU = Debug|Any CPU
		Release|Any CPU = Release|Any CPU
	EndGlobalSection
	GlobalSection(ProjectConfigurationPlatforms) = postSolution
		{AB3E0031-BD27-4E33-8FE2-2684BFC522CC}.Debug|Any CPU.ActiveCfg = Debug|Any CPU
		{AB3E0031-BD27-4E33-8FE2-2684BFC522CC}.Debug|Any CPU.Build.0 = Debug|Any CPU
		{AB3E0031-BD27-4E33-8FE2-2684BFC522CC}.Debug|Any CPU.Deploy.0 = Debug|Any CPU
		{AB3E0031-BD27-4E33-8FE2-2684BFC522CC}.Release|Any CPU.ActiveCfg = Release|Any CPU
		{AB3E0031-BD27-4E33-8FE2-2684BFC522CC}.Release|Any CPU.Build.0 = Release|Any CPU
		{AB3E0031-BD27-4E33-8FE2-2684BFC522CC}.Release|Any CPU.Deploy.0 = Release|Any CPU
	EndGlobalSection
	GlobalSection(SolutionProperties) = preSolution
		HideSolutionNode = FALSE
	EndGlobalSection
EndGlobal
